
Microsoft Visual Studio Solution File, Format Version 12.00
# Visual Studio Version 16
VisualStudioVersion = 16.0.31624.102
MinimumVisualStudioVersion = 10.0.40219.1
Project("{FAE04EC0-301F-11D3-BF4B-00C04F79EFBC}") = "BaseProject", "BaseProject\BaseProject.csproj", "{62C742CE-3EBD-4777-B777-41C6D7D4BC36}"
EndProject
Global
	GlobalSection(SolutionConfigurationPlatforms) = preSolution
		Debug|Any CPU = Debug|Any CPU
		Release|Any CPU = Release|Any CPU
	EndGlobalSection
	GlobalSection(ProjectConfigurationPlatforms) = postSolution
		{62C742CE-3EBD-4777-B777-41C6D7D4BC36}.Debug|Any CPU.ActiveCfg = Debug|Any CPU
		{62C742CE-3EBD-4777-B777-41C6D7D4BC36}.Debug|Any CPU.Build.0 = Debug|Any CPU
		{62C742CE-3EBD-4777-B777-41C6D7D4BC36}.Release|Any CPU.ActiveCfg = Release|Any CPU
		{62C742CE-3EBD-4777-B777-41C6D7D4BC36}.Release|Any CPU.Build.0 = Release|Any CPU
	EndGlobalSection
	GlobalSection(SolutionProperties) = preSolution
		HideSolutionNode = FALSE
	EndGlobalSection
	GlobalSection(ExtensibilityGlobals) = postSolution
		SolutionGuid = {4817D0E6-F79A-425E-A97E-18E0B0BA45FD}
	EndGlobalSection
EndGlobal
